// !$*UTF8*$!
{
	archiveVersion = 1;
	classes = {
	};
	objectVersion = 56;
	objects = {

/* Begin PBXBuildFile section */
		9E1E23922BDA04DD0029C23A /* main.cpp in Sources */ = {isa = PBXBuildFile; fileRef = 9E1E23912BDA04DD0029C23A /* main.cpp */; };
		9E1E23B32BDACB590029C23A /* Menu.cpp in Sources */ = {isa = PBXBuildFile; fileRef = 9E1E23B12BDACB590029C23A /* Menu.cpp */; };
		9E1E23B62BDACB9E0029C23A /* GradeBookMenu.cpp in Sources */ = {isa = PBXBuildFile; fileRef = 9E1E23B42BDACB9E0029C23A /* GradeBookMenu.cpp */; };
		9E1E23BD2BDAD3DF0029C23A /* Assignment.cpp in Sources */ = {isa = PBXBuildFile; fileRef = 9E1E23BB2BDAD3DF0029C23A /* Assignment.cpp */; };
		9E1E23C02BDAD5520029C23A /* DateTime.cpp in Sources */ = {isa = PBXBuildFile; fileRef = 9E1E23BE2BDAD5520029C23A /* DateTime.cpp */; };
		9E1E23C32BDAD5740029C23A /* DateType.cpp in Sources */ = {isa = PBXBuildFile; fileRef = 9E1E23C12BDAD5740029C23A /* DateType.cpp */; };
		9E1E23C62BDAEF350029C23A /* Course.cpp in Sources */ = {isa = PBXBuildFile; fileRef = 9E1E23C42BDAEF350029C23A /* Course.cpp */; };
		9E1E23C92BDAF0910029C23A /* Faculty.cpp in Sources */ = {isa = PBXBuildFile; fileRef = 9E1E23C72BDAF0910029C23A /* Faculty.cpp */; };
		9E1E23CC2BDAF78D0029C23A /* GradeScale.cpp in Sources */ = {isa = PBXBuildFile; fileRef = 9E1E23CA2BDAF78D0029C23A /* GradeScale.cpp */; };
		9E85813E2BE9C2D200A1F8A8 /* AssignmentBST.cpp in Sources */ = {isa = PBXBuildFile; fileRef = 9E85813C2BE9C2D200A1F8A8 /* AssignmentBST.cpp */; };
/* End PBXBuildFile section */

/* Begin PBXCopyFilesBuildPhase section */
		9E1E238C2BDA04DD0029C23A /* CopyFiles */ = {
			isa = PBXCopyFilesBuildPhase;
			buildActionMask = 2147483647;
			dstPath = /usr/share/man/man1/;
			dstSubfolderSpec = 0;
			files = (
			);
			runOnlyForDeploymentPostprocessing = 1;
		};
/* End PBXCopyFilesBuildPhase section */

/* Begin PBXFileReference section */
		9E1E238E2BDA04DD0029C23A /* Lab5_BTrees_Gradebook */ = {isa = PBXFileReference; explicitFileType = "compiled.mach-o.executable"; includeInIndex = 0; path = Lab5_BTrees_Gradebook; sourceTree = BUILT_PRODUCTS_DIR; };
		9E1E23912BDA04DD0029C23A /* main.cpp */ = {isa = PBXFileReference; lastKnownFileType = sourcecode.cpp.cpp; path = main.cpp; sourceTree = "<group>"; };
		9E1E23B12BDACB590029C23A /* Menu.cpp */ = {isa = PBXFileReference; lastKnownFileType = sourcecode.cpp.cpp; path = Menu.cpp; sourceTree = "<group>"; };
		9E1E23B22BDACB590029C23A /* Menu.hpp */ = {isa = PBXFileReference; lastKnownFileType = sourcecode.cpp.h; path = Menu.hpp; sourceTree = "<group>"; };
		9E1E23B42BDACB9E0029C23A /* GradeBookMenu.cpp */ = {isa = PBXFileReference; lastKnownFileType = sourcecode.cpp.cpp; path = GradeBookMenu.cpp; sourceTree = "<group>"; };
		9E1E23B52BDACB9E0029C23A /* GradeBookMenu.hpp */ = {isa = PBXFileReference; lastKnownFileType = sourcecode.cpp.h; path = GradeBookMenu.hpp; sourceTree = "<group>"; };
		9E1E23B72BDACEF40029C23A /* faculty-data.csv */ = {isa = PBXFileReference; fileEncoding = 4; lastKnownFileType = text; name = "faculty-data.csv"; path = "Lab5_data/faculty-data.csv"; sourceTree = SOURCE_ROOT; };
		9E1E23B82BDACEF40029C23A /* course-data.csv */ = {isa = PBXFileReference; fileEncoding = 4; lastKnownFileType = text; name = "course-data.csv"; path = "Lab5_data/course-data.csv"; sourceTree = SOURCE_ROOT; };
		9E1E23BA2BDACEF40029C23A /* grade-scale.csv */ = {isa = PBXFileReference; fileEncoding = 4; lastKnownFileType = text; name = "grade-scale.csv"; path = "Lab5_data/grade-scale.csv"; sourceTree = SOURCE_ROOT; };
		9E1E23BB2BDAD3DF0029C23A /* Assignment.cpp */ = {isa = PBXFileReference; lastKnownFileType = sourcecode.cpp.cpp; path = Assignment.cpp; sourceTree = "<group>"; };
		9E1E23BC2BDAD3DF0029C23A /* Assignment.hpp */ = {isa = PBXFileReference; lastKnownFileType = sourcecode.cpp.h; path = Assignment.hpp; sourceTree = "<group>"; };
		9E1E23BE2BDAD5520029C23A /* DateTime.cpp */ = {isa = PBXFileReference; lastKnownFileType = sourcecode.cpp.cpp; path = DateTime.cpp; sourceTree = "<group>"; };
		9E1E23BF2BDAD5520029C23A /* DateTime.hpp */ = {isa = PBXFileReference; lastKnownFileType = sourcecode.cpp.h; path = DateTime.hpp; sourceTree = "<group>"; };
		9E1E23C12BDAD5740029C23A /* DateType.cpp */ = {isa = PBXFileReference; lastKnownFileType = sourcecode.cpp.cpp; path = DateType.cpp; sourceTree = "<group>"; };
		9E1E23C22BDAD5740029C23A /* DateType.hpp */ = {isa = PBXFileReference; lastKnownFileType = sourcecode.cpp.h; path = DateType.hpp; sourceTree = "<group>"; };
		9E1E23C42BDAEF350029C23A /* Course.cpp */ = {isa = PBXFileReference; lastKnownFileType = sourcecode.cpp.cpp; path = Course.cpp; sourceTree = "<group>"; };
		9E1E23C52BDAEF350029C23A /* Course.hpp */ = {isa = PBXFileReference; lastKnownFileType = sourcecode.cpp.h; path = Course.hpp; sourceTree = "<group>"; };
		9E1E23C72BDAF0910029C23A /* Faculty.cpp */ = {isa = PBXFileReference; lastKnownFileType = sourcecode.cpp.cpp; path = Faculty.cpp; sourceTree = "<group>"; };
		9E1E23C82BDAF0910029C23A /* Faculty.hpp */ = {isa = PBXFileReference; lastKnownFileType = sourcecode.cpp.h; path = Faculty.hpp; sourceTree = "<group>"; };
		9E1E23CA2BDAF78D0029C23A /* GradeScale.cpp */ = {isa = PBXFileReference; lastKnownFileType = sourcecode.cpp.cpp; path = GradeScale.cpp; sourceTree = "<group>"; };
		9E1E23CB2BDAF78D0029C23A /* GradeScale.hpp */ = {isa = PBXFileReference; lastKnownFileType = sourcecode.cpp.h; path = GradeScale.hpp; sourceTree = "<group>"; };
		9E6DF9982BF46674007DE888 /* assignment-data.csv */ = {isa = PBXFileReference; fileEncoding = 4; lastKnownFileType = text; path = "assignment-data.csv"; sourceTree = "<group>"; };
		9E73C6EE2BDB1EF400C63459 /* CSVHandler.hpp */ = {isa = PBXFileReference; lastKnownFileType = sourcecode.cpp.h; path = CSVHandler.hpp; sourceTree = "<group>"; };
		9E85813C2BE9C2D200A1F8A8 /* AssignmentBST.cpp */ = {isa = PBXFileReference; lastKnownFileType = sourcecode.cpp.cpp; path = AssignmentBST.cpp; sourceTree = "<group>"; };
		9E85813D2BE9C2D200A1F8A8 /* AssignmentBST.hpp */ = {isa = PBXFileReference; lastKnownFileType = sourcecode.cpp.h; path = AssignmentBST.hpp; sourceTree = "<group>"; };
/* End PBXFileReference section */

/* Begin PBXFrameworksBuildPhase section */
		9E1E238B2BDA04DD0029C23A /* Frameworks */ = {
			isa = PBXFrameworksBuildPhase;
			buildActionMask = 2147483647;
			files = (
			);
			runOnlyForDeploymentPostprocessing = 0;
		};
/* End PBXFrameworksBuildPhase section */

/* Begin PBXGroup section */
		9E1E23852BDA04DD0029C23A = {
			isa = PBXGroup;
			children = (
				9E1E23902BDA04DD0029C23A /* Lab5_BTrees_Gradebook */,
				9E1E238F2BDA04DD0029C23A /* Products */,
			);
			sourceTree = "<group>";
		};
		9E1E238F2BDA04DD0029C23A /* Products */ = {
			isa = PBXGroup;
			children = (
				9E1E238E2BDA04DD0029C23A /* Lab5_BTrees_Gradebook */,
			);
			name = Products;
			sourceTree = "<group>";
		};
		9E1E23902BDA04DD0029C23A /* Lab5_BTrees_Gradebook */ = {
			isa = PBXGroup;
			children = (
				9E1E23912BDA04DD0029C23A /* main.cpp */,
				9E1E23B12BDACB590029C23A /* Menu.cpp */,
				9E1E23B22BDACB590029C23A /* Menu.hpp */,
				9E1E23B42BDACB9E0029C23A /* GradeBookMenu.cpp */,
				9E1E23B52BDACB9E0029C23A /* GradeBookMenu.hpp */,
				9E1E23BB2BDAD3DF0029C23A /* Assignment.cpp */,
				9E1E23BC2BDAD3DF0029C23A /* Assignment.hpp */,
				9E1E23C42BDAEF350029C23A /* Course.cpp */,
				9E1E23C52BDAEF350029C23A /* Course.hpp */,
				9E1E23C72BDAF0910029C23A /* Faculty.cpp */,
				9E1E23C82BDAF0910029C23A /* Faculty.hpp */,
				9E1E23CA2BDAF78D0029C23A /* GradeScale.cpp */,
				9E1E23CB2BDAF78D0029C23A /* GradeScale.hpp */,
				9E1E23BE2BDAD5520029C23A /* DateTime.cpp */,
				9E1E23BF2BDAD5520029C23A /* DateTime.hpp */,
				9E1E23C12BDAD5740029C23A /* DateType.cpp */,
				9E1E23C22BDAD5740029C23A /* DateType.hpp */,
				9E85813C2BE9C2D200A1F8A8 /* AssignmentBST.cpp */,
				9E85813D2BE9C2D200A1F8A8 /* AssignmentBST.hpp */,
				9E73C6EE2BDB1EF400C63459 /* CSVHandler.hpp */,
				9E6DF9982BF46674007DE888 /* assignment-data.csv */,
				9E1E23BA2BDACEF40029C23A /* grade-scale.csv */,
				9E1E23B82BDACEF40029C23A /* course-data.csv */,
				9E1E23B72BDACEF40029C23A /* faculty-data.csv */,
			);
			path = Lab5_BTrees_Gradebook;
			sourceTree = "<group>";
		};
/* End PBXGroup section */

/* Begin PBXNativeTarget section */
		9E1E238D2BDA04DD0029C23A /* Lab5_BTrees_Gradebook */ = {
			isa = PBXNativeTarget;
			buildConfigurationList = 9E1E23952BDA04DD0029C23A /* Build configuration list for PBXNativeTarget "Lab5_BTrees_Gradebook" */;
			buildPhases = (
				9E1E238A2BDA04DD0029C23A /* Sources */,
				9E1E238B2BDA04DD0029C23A /* Frameworks */,
				9E1E238C2BDA04DD0029C23A /* CopyFiles */,
			);
			buildRules = (
			);
			dependencies = (
			);
			name = Lab5_BTrees_Gradebook;
			productName = Lab5_BTrees_Gradebook;
			productReference = 9E1E238E2BDA04DD0029C23A /* Lab5_BTrees_Gradebook */;
			productType = "com.apple.product-type.tool";
		};
/* End PBXNativeTarget section */

/* Begin PBXProject section */
		9E1E23862BDA04DD0029C23A /* Project object */ = {
			isa = PBXProject;
			attributes = {
				BuildIndependentTargetsInParallel = 1;
				LastUpgradeCheck = 1530;
				TargetAttributes = {
					9E1E238D2BDA04DD0029C23A = {
						CreatedOnToolsVersion = 15.3;
					};
				};
			};
			buildConfigurationList = 9E1E23892BDA04DD0029C23A /* Build configuration list for PBXProject "Lab5_BTrees_Gradebook" */;
			compatibilityVersion = "Xcode 14.0";
			developmentRegion = en;
			hasScannedForEncodings = 0;
			knownRegions = (
				en,
				Base,
			);
			mainGroup = 9E1E23852BDA04DD0029C23A;
			productRefGroup = 9E1E238F2BDA04DD0029C23A /* Products */;
			projectDirPath = "";
			projectRoot = "";
			targets = (
				9E1E238D2BDA04DD0029C23A /* Lab5_BTrees_Gradebook */,
			);
		};
/* End PBXProject section */

/* Begin PBXSourcesBuildPhase section */
		9E1E238A2BDA04DD0029C23A /* Sources */ = {
			isa = PBXSourcesBuildPhase;
			buildActionMask = 2147483647;
			files = (
				9E85813E2BE9C2D200A1F8A8 /* AssignmentBST.cpp in Sources */,
				9E1E23CC2BDAF78D0029C23A /* GradeScale.cpp in Sources */,
				9E1E23BD2BDAD3DF0029C23A /* Assignment.cpp in Sources */,
				9E1E23B32BDACB590029C23A /* Menu.cpp in Sources */,
				9E1E23B62BDACB9E0029C23A /* GradeBookMenu.cpp in Sources */,
				9E1E23C32BDAD5740029C23A /* DateType.cpp in Sources */,
				9E1E23C92BDAF0910029C23A /* Faculty.cpp in Sources */,
				9E1E23C62BDAEF350029C23A /* Course.cpp in Sources */,
				9E1E23922BDA04DD0029C23A /* main.cpp in Sources */,
				9E1E23C02BDAD5520029C23A /* DateTime.cpp in Sources */,
			);
			runOnlyForDeploymentPostprocessing = 0;
		};
/* End PBXSourcesBuildPhase section */

/* Begin XCBuildConfiguration section */
		9E1E23932BDA04DD0029C23A /* Debug */ = {
			isa = XCBuildConfiguration;
			buildSettings = {
				ALWAYS_SEARCH_USER_PATHS = NO;
				ASSETCATALOG_COMPILER_GENERATE_SWIFT_ASSET_SYMBOL_EXTENSIONS = YES;
				CLANG_ANALYZER_NONNULL = YES;
				CLANG_ANALYZER_NUMBER_OBJECT_CONVERSION = YES_AGGRESSIVE;
				CLANG_CXX_LANGUAGE_STANDARD = "gnu++20";
				CLANG_ENABLE_MODULES = YES;
				CLANG_ENABLE_OBJC_ARC = YES;
				CLANG_ENABLE_OBJC_WEAK = YES;
				CLANG_WARN_BLOCK_CAPTURE_AUTORELEASING = YES;
				CLANG_WARN_BOOL_CONVERSION = YES;
				CLANG_WARN_COMMA = YES;
				CLANG_WARN_CONSTANT_CONVERSION = YES;
				CLANG_WARN_DEPRECATED_OBJC_IMPLEMENTATIONS = YES;
				CLANG_WARN_DIRECT_OBJC_ISA_USAGE = YES_ERROR;
				CLANG_WARN_DOCUMENTATION_COMMENTS = YES;
				CLANG_WARN_EMPTY_BODY = YES;
				CLANG_WARN_ENUM_CONVERSION = YES;
				CLANG_WARN_INFINITE_RECURSION = YES;
				CLANG_WARN_INT_CONVERSION = YES;
				CLANG_WARN_NON_LITERAL_NULL_CONVERSION = YES;
				CLANG_WARN_OBJC_IMPLICIT_RETAIN_SELF = YES;
				CLANG_WARN_OBJC_LITERAL_CONVERSION = YES;
				CLANG_WARN_OBJC_ROOT_CLASS = YES_ERROR;
				CLANG_WARN_QUOTED_INCLUDE_IN_FRAMEWORK_HEADER = YES;
				CLANG_WARN_RANGE_LOOP_ANALYSIS = YES;
				CLANG_WARN_STRICT_PROTOTYPES = YES;
				CLANG_WARN_SUSPICIOUS_MOVE = YES;
				CLANG_WARN_UNGUARDED_AVAILABILITY = YES_AGGRESSIVE;
				CLANG_WARN_UNREACHABLE_CODE = YES;
				CLANG_WARN__DUPLICATE_METHOD_MATCH = YES;
				COPY_PHASE_STRIP = NO;
				DEBUG_INFORMATION_FORMAT = dwarf;
				ENABLE_STRICT_OBJC_MSGSEND = YES;
				ENABLE_TESTABILITY = YES;
				ENABLE_USER_SCRIPT_SANDBOXING = YES;
				GCC_C_LANGUAGE_STANDARD = gnu17;
				GCC_DYNAMIC_NO_PIC = NO;
				GCC_NO_COMMON_BLOCKS = YES;
				GCC_OPTIMIZATION_LEVEL = 0;
				GCC_PREPROCESSOR_DEFINITIONS = (
					"DEBUG=1",
					"$(inherited)",
				);
				GCC_WARN_64_TO_32_BIT_CONVERSION = YES;
				GCC_WARN_ABOUT_RETURN_TYPE = YES_ERROR;
				GCC_WARN_UNDECLARED_SELECTOR = YES;
				GCC_WARN_UNINITIALIZED_AUTOS = YES_AGGRESSIVE;
				GCC_WARN_UNUSED_FUNCTION = YES;
				GCC_WARN_UNUSED_VARIABLE = YES;
				LOCALIZATION_PREFERS_STRING_CATALOGS = YES;
				MACOSX_DEPLOYMENT_TARGET = 14.4;
				MTL_ENABLE_DEBUG_INFO = INCLUDE_SOURCE;
				MTL_FAST_MATH = YES;
				ONLY_ACTIVE_ARCH = YES;
				SDKROOT = macosx;
			};
			name = Debug;
		};
		9E1E23942BDA04DD0029C23A /* Release */ = {
			isa = XCBuildConfiguration;
			buildSettings = {
				ALWAYS_SEARCH_USER_PATHS = NO;
				ASSETCATALOG_COMPILER_GENERATE_SWIFT_ASSET_SYMBOL_EXTENSIONS = YES;
				CLANG_ANALYZER_NONNULL = YES;
				CLANG_ANALYZER_NUMBER_OBJECT_CONVERSION = YES_AGGRESSIVE;
				CLANG_CXX_LANGUAGE_STANDARD = "gnu++20";
				CLANG_ENABLE_MODULES = YES;
				CLANG_ENABLE_OBJC_ARC = YES;
				CLANG_ENABLE_OBJC_WEAK = YES;
				CLANG_WARN_BLOCK_CAPTURE_AUTORELEASING = YES;
				CLANG_WARN_BOOL_CONVERSION = YES;
				CLANG_WARN_COMMA = YES;
				CLANG_WARN_CONSTANT_CONVERSION = YES;
				CLANG_WARN_DEPRECATED_OBJC_IMPLEMENTATIONS = YES;
				CLANG_WARN_DIRECT_OBJC_ISA_USAGE = YES_ERROR;
				CLANG_WARN_DOCUMENTATION_COMMENTS = YES;
				CLANG_WARN_EMPTY_BODY = YES;
				CLANG_WARN_ENUM_CONVERSION = YES;
				CLANG_WARN_INFINITE_RECURSION = YES;
				CLANG_WARN_INT_CONVERSION = YES;
				CLANG_WARN_NON_LITERAL_NULL_CONVERSION = YES;
				CLANG_WARN_OBJC_IMPLICIT_RETAIN_SELF = YES;
				CLANG_WARN_OBJC_LITERAL_CONVERSION = YES;
				CLANG_WARN_OBJC_ROOT_CLASS = YES_ERROR;
				CLANG_WARN_QUOTED_INCLUDE_IN_FRAMEWORK_HEADER = YES;
				CLANG_WARN_RANGE_LOOP_ANALYSIS = YES;
				CLANG_WARN_STRICT_PROTOTYPES = YES;
				CLANG_WARN_SUSPICIOUS_MOVE = YES;
				CLANG_WARN_UNGUARDED_AVAILABILITY = YES_AGGRESSIVE;
				CLANG_WARN_UNREACHABLE_CODE = YES;
				CLANG_WARN__DUPLICATE_METHOD_MATCH = YES;
				COPY_PHASE_STRIP = NO;
				DEBUG_INFORMATION_FORMAT = "dwarf-with-dsym";
				ENABLE_NS_ASSERTIONS = NO;
				ENABLE_STRICT_OBJC_MSGSEND = YES;
				ENABLE_USER_SCRIPT_SANDBOXING = YES;
				GCC_C_LANGUAGE_STANDARD = gnu17;
				GCC_NO_COMMON_BLOCKS = YES;
				GCC_WARN_64_TO_32_BIT_CONVERSION = YES;
				GCC_WARN_ABOUT_RETURN_TYPE = YES_ERROR;
				GCC_WARN_UNDECLARED_SELECTOR = YES;
				GCC_WARN_UNINITIALIZED_AUTOS = YES_AGGRESSIVE;
				GCC_WARN_UNUSED_FUNCTION = YES;
				GCC_WARN_UNUSED_VARIABLE = YES;
				LOCALIZATION_PREFERS_STRING_CATALOGS = YES;
				MACOSX_DEPLOYMENT_TARGET = 14.4;
				MTL_ENABLE_DEBUG_INFO = NO;
				MTL_FAST_MATH = YES;
				SDKROOT = macosx;
			};
			name = Release;
		};
		9E1E23962BDA04DD0029C23A /* Debug */ = {
			isa = XCBuildConfiguration;
			buildSettings = {
				CODE_SIGN_STYLE = Automatic;
				PRODUCT_NAME = "$(TARGET_NAME)";
			};
			name = Debug;
		};
		9E1E23972BDA04DD0029C23A /* Release */ = {
			isa = XCBuildConfiguration;
			buildSettings = {
				CODE_SIGN_STYLE = Automatic;
				PRODUCT_NAME = "$(TARGET_NAME)";
			};
			name = Release;
		};
/* End XCBuildConfiguration section */

/* Begin XCConfigurationList section */
		9E1E23892BDA04DD0029C23A /* Build configuration list for PBXProject "Lab5_BTrees_Gradebook" */ = {
			isa = XCConfigurationList;
			buildConfigurations = (
				9E1E23932BDA04DD0029C23A /* Debug */,
				9E1E23942BDA04DD0029C23A /* Release */,
			);
			defaultConfigurationIsVisible = 0;
			defaultConfigurationName = Release;
		};
		9E1E23952BDA04DD0029C23A /* Build configuration list for PBXNativeTarget "Lab5_BTrees_Gradebook" */ = {
			isa = XCConfigurationList;
			buildConfigurations = (
				9E1E23962BDA04DD0029C23A /* Debug */,
				9E1E23972BDA04DD0029C23A /* Release */,
			);
			defaultConfigurationIsVisible = 0;
			defaultConfigurationName = Release;
		};
/* End XCConfigurationList section */
	};
	rootObject = 9E1E23862BDA04DD0029C23A /* Project object */;
}
